
Microsoft Visual Studio Solution File, Format Version 12.00
# Visual Studio 15
VisualStudioVersion = 15.0.28307.168
MinimumVisualStudioVersion = 10.0.40219.1
Project("{FAE04EC0-301F-11D3-BF4B-00C04F79EFBC}") = "ComicBookGallery", "ComicBookGallery\ComicBookGallery.csproj", "{311DD922-3238-460B-BED5-D1E96D3B3792}"
EndProject
Global
	GlobalSection(SolutionConfigurationPlatforms) = preSolution
		Debug|Any CPU = Debug|Any CPU
		Release|Any CPU = Release|Any CPU
	EndGlobalSection
	GlobalSection(ProjectConfigurationPlatforms) = postSolution
		{311DD922-3238-460B-BED5-D1E96D3B3792}.Debug|Any CPU.ActiveCfg = Debug|Any CPU
		{311DD922-3238-460B-BED5-D1E96D3B3792}.Debug|Any CPU.Build.0 = Debug|Any CPU
		{311DD922-3238-460B-BED5-D1E96D3B3792}.Release|Any CPU.ActiveCfg = Release|Any CPU
		{311DD922-3238-460B-BED5-D1E96D3B3792}.Release|Any CPU.Build.0 = Release|Any CPU
	EndGlobalSection
	GlobalSection(SolutionProperties) = preSolution
		HideSolutionNode = FALSE
	EndGlobalSection
	GlobalSection(ExtensibilityGlobals) = postSolution
		SolutionGuid = {0D34FFCA-4A6D-4595-99CB-71629814A4AF}
	EndGlobalSection
EndGlobal
